
Microsoft Visual Studio Solution File, Format Version 12.00
# Visual Studio Version 17
VisualStudioVersion = 17.5.002.0
MinimumVisualStudioVersion = 10.0.40219.1
# Project("{9A19103F-16F7-4668-BE54-9A1E7A4F7556}") = "StreamingApplication", "StreamingApplication.csproj", "{95DBA62A-8F2C-4484-B096-B47B80362E60}"
EndProject
Project("{FAE04EC0-301F-11D3-BF4B-00C04F79EFBC}") = "StreamingApplication", "StreamingApplication\StreamingApplication.csproj", "{8D187F3A-C8B6-4EAE-B9AE-B92D65C7B652}"
EndProject
Global
	GlobalSection(SolutionConfigurationPlatforms) = preSolution
		Debug|Any CPU = Debug|Any CPU
		Release|Any CPU = Release|Any CPU
	EndGlobalSection
	GlobalSection(ProjectConfigurationPlatforms) = postSolution
		{95DBA62A-8F2C-4484-B096-B47B80362E60}.Debug|Any CPU.ActiveCfg = Debug|Any CPU
		{95DBA62A-8F2C-4484-B096-B47B80362E60}.Debug|Any CPU.Build.0 = Debug|Any CPU
		{95DBA62A-8F2C-4484-B096-B47B80362E60}.Release|Any CPU.ActiveCfg = Release|Any CPU
		{95DBA62A-8F2C-4484-B096-B47B80362E60}.Release|Any CPU.Build.0 = Release|Any CPU
		{8D187F3A-C8B6-4EAE-B9AE-B92D65C7B652}.Debug|Any CPU.ActiveCfg = Debug|Any CPU
		{8D187F3A-C8B6-4EAE-B9AE-B92D65C7B652}.Debug|Any CPU.Build.0 = Debug|Any CPU
		{8D187F3A-C8B6-4EAE-B9AE-B92D65C7B652}.Release|Any CPU.ActiveCfg = Release|Any CPU
		{8D187F3A-C8B6-4EAE-B9AE-B92D65C7B652}.Release|Any CPU.Build.0 = Release|Any CPU
	EndGlobalSection
	GlobalSection(SolutionProperties) = preSolution
		HideSolutionNode = FALSE
	EndGlobalSection
	GlobalSection(ExtensibilityGlobals) = postSolution
		SolutionGuid = {D4CFBBD5-8C8F-443B-A42D-445E15F4BDDE}
	EndGlobalSection
EndGlobal
